
Microsoft Visual Studio Solution File, Format Version 12.00
# Visual Studio Version 16
VisualStudioVersion = 16.0.30717.126
MinimumVisualStudioVersion = 10.0.40219.1
Project("{FAE04EC0-301F-11D3-BF4B-00C04F79EFBC}") = "bf compiler", "bf compiler.csproj", "{240E0285-6E35-4D57-B65B-3B97365A1128}"
EndProject
Global
	GlobalSection(SolutionConfigurationPlatforms) = preSolution
		Debug|Any CPU = Debug|Any CPU
		Release|Any CPU = Release|Any CPU
	EndGlobalSection
	GlobalSection(ProjectConfigurationPlatforms) = postSolution
		{240E0285-6E35-4D57-B65B-3B97365A1128}.Debug|Any CPU.ActiveCfg = Debug|Any CPU
		{240E0285-6E35-4D57-B65B-3B97365A1128}.Debug|Any CPU.Build.0 = Debug|Any CPU
		{240E0285-6E35-4D57-B65B-3B97365A1128}.Release|Any CPU.ActiveCfg = Release|Any CPU
		{240E0285-6E35-4D57-B65B-3B97365A1128}.Release|Any CPU.Build.0 = Release|Any CPU
	EndGlobalSection
	GlobalSection(SolutionProperties) = preSolution
		HideSolutionNode = FALSE
	EndGlobalSection
	GlobalSection(ExtensibilityGlobals) = postSolution
		SolutionGuid = {C066CF69-8BAC-4844-A762-6ED63587C84C}
	EndGlobalSection
EndGlobal
